
Microsoft Visual Studio Solution File, Format Version 12.00
# Visual Studio Version 17
VisualStudioVersion = 17.14.36408.4 d17.14
MinimumVisualStudioVersion = 10.0.40219.1
Project("{FAE04EC0-301F-11D3-BF4B-00C04F79EFBC}") = "OO_Samples_027_NumberConverter_Base", "OO_Samples_027_NumberConverter_Base.csproj", "{CD9013AE-F141-0D07-EAF4-1C89FFA2A994}"
EndProject
Project("{FAE04EC0-301F-11D3-BF4B-00C04F79EFBC}") = "OO_Samples_027_NumberConverter_BaseTests", "..\OO_Samples_027_NumberConverter_BaseTests\OO_Samples_027_NumberConverter_BaseTests.csproj", "{44984513-8FF8-4CF1-8A86-A769E5829188}"
EndProject
Global
	GlobalSection(SolutionConfigurationPlatforms) = preSolution
		Debug|Any CPU = Debug|Any CPU
		Release|Any CPU = Release|Any CPU
	EndGlobalSection
	GlobalSection(ProjectConfigurationPlatforms) = postSolution
		{CD9013AE-F141-0D07-EAF4-1C89FFA2A994}.Debug|Any CPU.ActiveCfg = Debug|Any CPU
		{CD9013AE-F141-0D07-EAF4-1C89FFA2A994}.Debug|Any CPU.Build.0 = Debug|Any CPU
		{CD9013AE-F141-0D07-EAF4-1C89FFA2A994}.Release|Any CPU.ActiveCfg = Release|Any CPU
		{CD9013AE-F141-0D07-EAF4-1C89FFA2A994}.Release|Any CPU.Build.0 = Release|Any CPU
		{44984513-8FF8-4CF1-8A86-A769E5829188}.Debug|Any CPU.ActiveCfg = Debug|Any CPU
		{44984513-8FF8-4CF1-8A86-A769E5829188}.Debug|Any CPU.Build.0 = Debug|Any CPU
		{44984513-8FF8-4CF1-8A86-A769E5829188}.Release|Any CPU.ActiveCfg = Release|Any CPU
		{44984513-8FF8-4CF1-8A86-A769E5829188}.Release|Any CPU.Build.0 = Release|Any CPU
	EndGlobalSection
	GlobalSection(SolutionProperties) = preSolution
		HideSolutionNode = FALSE
	EndGlobalSection
	GlobalSection(ExtensibilityGlobals) = postSolution
		SolutionGuid = {2805F403-C51C-4F51-A8D6-27B0017AF95C}
	EndGlobalSection
EndGlobal
