
Microsoft Visual Studio Solution File, Format Version 12.00
# Visual Studio Version 17
VisualStudioVersion = 17.14.36408.4 d17.14
MinimumVisualStudioVersion = 10.0.40219.1
Project("{FAE04EC0-301F-11D3-BF4B-00C04F79EFBC}") = "Bruck", "Bruck.csproj", "{19487429-D4D9-4F8B-BC50-EEF65DB1FF38}"
EndProject
Project("{FAE04EC0-301F-11D3-BF4B-00C04F79EFBC}") = "BruckTests", "..\BruckTests\BruckTests.csproj", "{22FF5153-5C67-4F7E-BFFD-6A073D165560}"
EndProject
Global
	GlobalSection(SolutionConfigurationPlatforms) = preSolution
		Debug|Any CPU = Debug|Any CPU
		Release|Any CPU = Release|Any CPU
	EndGlobalSection
	GlobalSection(ProjectConfigurationPlatforms) = postSolution
		{19487429-D4D9-4F8B-BC50-EEF65DB1FF38}.Debug|Any CPU.ActiveCfg = Debug|Any CPU
		{19487429-D4D9-4F8B-BC50-EEF65DB1FF38}.Debug|Any CPU.Build.0 = Debug|Any CPU
		{19487429-D4D9-4F8B-BC50-EEF65DB1FF38}.Release|Any CPU.ActiveCfg = Release|Any CPU
		{19487429-D4D9-4F8B-BC50-EEF65DB1FF38}.Release|Any CPU.Build.0 = Release|Any CPU
		{22FF5153-5C67-4F7E-BFFD-6A073D165560}.Debug|Any CPU.ActiveCfg = Debug|Any CPU
		{22FF5153-5C67-4F7E-BFFD-6A073D165560}.Debug|Any CPU.Build.0 = Debug|Any CPU
		{22FF5153-5C67-4F7E-BFFD-6A073D165560}.Release|Any CPU.ActiveCfg = Release|Any CPU
		{22FF5153-5C67-4F7E-BFFD-6A073D165560}.Release|Any CPU.Build.0 = Release|Any CPU
	EndGlobalSection
	GlobalSection(SolutionProperties) = preSolution
		HideSolutionNode = FALSE
	EndGlobalSection
	GlobalSection(ExtensibilityGlobals) = postSolution
		SolutionGuid = {640A7C2D-5B48-47D3-8F49-2E2E839E5561}
	EndGlobalSection
EndGlobal
